{
    "_readme": [
        "This file locks the dependencies of your project to a known state",
        "Read more about it at http://getcomposer.org/doc/01-basic-usage.md#composer-lock-the-lock-file"
    ],
    "hash": "960f2c77c92780024fc7612c0e315a17",
    "packages": [
        {
            "name": "berttech/helper",
            "version": "v0.0.4",
            "source": {
                "type": "git",
                "url": "https://github.com/Berttech/Helper.git",
                "reference": "dddc0117ec43e6affea77cd359f219e7b3338147"
            },
            "dist": {
                "type": "zip",
                "url": "https://api.github.com/repos/Berttech/Helper/zipball/dddc0117ec43e6affea77cd359f219e7b3338147",
                "reference": "dddc0117ec43e6affea77cd359f219e7b3338147",
                "shasum": ""
            },
            "type": "library",
            "autoload": {
                "psr-0": {
                    "Berttech\\Helper": ""
                }
            },
            "support": {
                "source": "https://github.com/Berttech/Helper/tree/v0.0.4",
                "issues": "https://github.com/Berttech/Helper/issues"
            },
            "time": "2013-09-27 18:51:19"
        },
        {
            "name": "illuminate/support",
            "version": "4.0.x-dev",
            "target-dir": "Illuminate/Support",
            "source": {
                "type": "git",
                "url": "https://github.com/illuminate/support.git",
                "reference": "5ba934d9c27b456202f3ae495971e467fb9a3f73"
            },
            "dist": {
                "type": "zip",
                "url": "https://api.github.com/repos/illuminate/support/zipball/5ba934d9c27b456202f3ae495971e467fb9a3f73",
                "reference": "5ba934d9c27b456202f3ae495971e467fb9a3f73",
                "shasum": ""
            },
            "require": {
                "php": ">=5.3.0"
            },
            "require-dev": {
                "mockery/mockery": "0.7.2",
                "patchwork/utf8": "1.1.*",
                "phpunit/phpunit": "3.7.*"
            },
            "type": "library",
            "extra": {
                "branch-alias": {
                    "dev-master": "4.0-dev"
                }
            },
            "autoload": {
                "psr-0": {
                    "Illuminate\\Support": ""
                },
                "files": [
                    "Illuminate/Support/helpers.php"
                ]
            },
            "notification-url": "https://packagist.org/downloads/",
            "license": [
                "MIT"
            ],
            "authors": [
                {
                    "name": "Taylor Otwell",
                    "email": "taylorotwell@gmail.com",
                    "homepage": "https://github.com/taylorotwell",
                    "role": "Developer"
                }
            ],
            "time": "2013-08-27 16:09:54"
        }
    ],
    "packages-dev": [

    ],
    "aliases": [

    ],
    "minimum-stability": "dev",
    "stability-flags": [

    ],
    "platform": {
        "php": ">=5.3.0"
    },
    "platform-dev": [

    ]
}
